<?xml version="1.0" encoding="utf-8"?>
<Project ToolsVersion="4.0" xmlns="http://schemas.microsoft.com/developer/msbuild/2003">
  <ItemGroup>
    <Filter Include="Source Files">
      <UniqueIdentifier>{af0fe532-ab42-4996-8912-b738696aea06}</UniqueIdentifier>
      <Extensions>cpp;c;cxx;rc;def;r;odl;idl;hpj;bat</Extensions>
    </Filter>
    <Filter Include="Header Files">
      <UniqueIdentifier>{779748a0-afb4-4d83-b159-731d20d3f36c}</UniqueIdentifier>
      <Extensions>h;hpp;hxx;hm;inl</Extensions>
    </Filter>
    <Filter Include="Resource Files">
      <UniqueIdentifier>{cb0c6784-5371-4de0-9363-142f7b43dd70}</UniqueIdentifier>
      <Extensions>ico;cur;bmp;dlg;rc2;rct;bin;rgs;gif;jpg;jpeg;jpe</Extensions>
    </Filter>
  </ItemGroup>
  <ItemGroup>
    <ClCompile Include="BaseDlg.cpp">
      <Filter>Source Files</Filter>
    </ClCompile>
    <ClCompile Include="CallDlg.cpp">
      <Filter>Source Files</Filter>
    </ClCompile>
    <ClCompile Include="CheckDlg.cpp">
      <Filter>Source Files</Filter>
    </ClCompile>
    <ClCompile Include="ClassDlg.cpp">
      <Filter>Source Files</Filter>
    </ClCompile>
    <ClCompile Include="CleardataDlg.cpp">
      <Filter>Source Files</Filter>
    </ClCompile>
    <ClCompile Include="image.cpp">
      <Filter>Source Files</Filter>
    </ClCompile>
    <ClCompile Include="LogonDlg.cpp">
      <Filter>Source Files</Filter>
    </ClCompile>
    <ClCompile Include="MaterielDlg.cpp">
      <Filter>Source Files</Filter>
    </ClCompile>
    <ClCompile Include="ModifyqaDlg.cpp">
      <Filter>Source Files</Filter>
    </ClCompile>
    <ClCompile Include="MyPos.cpp">
      <Filter>Source Files</Filter>
    </ClCompile>
    <ClCompile Include="MyPosDlg.cpp">
      <Filter>Source Files</Filter>
    </ClCompile>
    <ClCompile Include="OffdutyDlg.cpp">
      <Filter>Source Files</Filter>
    </ClCompile>
    <ClCompile Include="PaymodeDlg.cpp">
      <Filter>Source Files</Filter>
    </ClCompile>
    <ClCompile Include="picture.cpp">
      <Filter>Source Files</Filter>
    </ClCompile>
    <ClCompile Include="PosDlg.cpp">
      <Filter>Source Files</Filter>
    </ClCompile>
    <ClCompile Include="SelectDlg.cpp">
      <Filter>Source Files</Filter>
    </ClCompile>
    <ClCompile Include="Splash.cpp">
      <Filter>Source Files</Filter>
    </ClCompile>
    <ClCompile Include="StatDlg.cpp">
      <Filter>Source Files</Filter>
    </ClCompile>
    <ClCompile Include="StdAfx.cpp">
      <Filter>Source Files</Filter>
    </ClCompile>
    <ClCompile Include="SysmtDlg.cpp">
      <Filter>Source Files</Filter>
    </ClCompile>
    <ClCompile Include="SyssetDlg.cpp">
      <Filter>Source Files</Filter>
    </ClCompile>
    <ClCompile Include="TabSheet.cpp">
      <Filter>Source Files</Filter>
    </ClCompile>
    <ClCompile Include="UserDlg.cpp">
      <Filter>Source Files</Filter>
    </ClCompile>
  </ItemGroup>
  <ItemGroup>
    <ResourceCompile Include="MyPos.rc">
      <Filter>Source Files</Filter>
    </ResourceCompile>
  </ItemGroup>
  <ItemGroup>
    <ClInclude Include="BaseDlg.h">
      <Filter>Header Files</Filter>
    </ClInclude>
    <ClInclude Include="CallDlg.h">
      <Filter>Header Files</Filter>
    </ClInclude>
    <ClInclude Include="CheckDlg.h">
      <Filter>Header Files</Filter>
    </ClInclude>
    <ClInclude Include="ClassDlg.h">
      <Filter>Header Files</Filter>
    </ClInclude>
    <ClInclude Include="CleardataDlg.h">
      <Filter>Header Files</Filter>
    </ClInclude>
    <ClInclude Include="image.h">
      <Filter>Header Files</Filter>
    </ClInclude>
    <ClInclude Include="LogonDlg.h">
      <Filter>Header Files</Filter>
    </ClInclude>
    <ClInclude Include="MaterielDlg.h">
      <Filter>Header Files</Filter>
    </ClInclude>
    <ClInclude Include="ModifyqaDlg.h">
      <Filter>Header Files</Filter>
    </ClInclude>
    <ClInclude Include="MyPos.h">
      <Filter>Header Files</Filter>
    </ClInclude>
    <ClInclude Include="MyPosDlg.h">
      <Filter>Header Files</Filter>
    </ClInclude>
    <ClInclude Include="OffdutyDlg.h">
      <Filter>Header Files</Filter>
    </ClInclude>
    <ClInclude Include="PaymodeDlg.h">
      <Filter>Header Files</Filter>
    </ClInclude>
    <ClInclude Include="picture.h">
      <Filter>Header Files</Filter>
    </ClInclude>
    <ClInclude Include="PosDlg.h">
      <Filter>Header Files</Filter>
    </ClInclude>
    <ClInclude Include="Resource.h">
      <Filter>Header Files</Filter>
    </ClInclude>
    <ClInclude Include="SelectDlg.h">
      <Filter>Header Files</Filter>
    </ClInclude>
    <ClInclude Include="Splash.h">
      <Filter>Header Files</Filter>
    </ClInclude>
    <ClInclude Include="StatDlg.h">
      <Filter>Header Files</Filter>
    </ClInclude>
    <ClInclude Include="StdAfx.h">
      <Filter>Header Files</Filter>
    </ClInclude>
    <ClInclude Include="SysmtDlg.h">
      <Filter>Header Files</Filter>
    </ClInclude>
    <ClInclude Include="SyssetDlg.h">
      <Filter>Header Files</Filter>
    </ClInclude>
    <ClInclude Include="TabSheet.h">
      <Filter>Header Files</Filter>
    </ClInclude>
    <ClInclude Include="UserDlg.h">
      <Filter>Header Files</Filter>
    </ClInclude>
  </ItemGroup>
  <ItemGroup>
    <Image Include="res\01.bmp">
      <Filter>Resource Files</Filter>
    </Image>
    <Image Include="res\1.bmp">
      <Filter>Resource Files</Filter>
    </Image>
    <Image Include="res\2.bmp">
      <Filter>Resource Files</Filter>
    </Image>
    <Image Include="res\48.ico">
      <Filter>Resource Files</Filter>
    </Image>
    <Image Include="res\csy.bmp">
      <Filter>Resource Files</Filter>
    </Image>
    <Image Include="res\icon1.ico">
      <Filter>Resource Files</Filter>
    </Image>
    <Image Include="res\icon4.ico">
      <Filter>Resource Files</Filter>
    </Image>
    <Image Include="res\icon5.ico">
      <Filter>Resource Files</Filter>
    </Image>
    <Image Include="res\logo.bmp">
      <Filter>Resource Files</Filter>
    </Image>
    <Image Include="res\MyPos.ico">
      <Filter>Resource Files</Filter>
    </Image>
    <Image Include="res\MyPos1.ico">
      <Filter>Resource Files</Filter>
    </Image>
    <Image Include="res\MyPos4.ico">
      <Filter>Resource Files</Filter>
    </Image>
    <Image Include="res\Yellowmainting.jpg">
      <Filter>Resource Files</Filter>
    </Image>
  </ItemGroup>
  <ItemGroup>
    <Text Include="ReadMe.txt" />
  </ItemGroup>
  <ItemGroup>
    <CustomBuild Include="res\MyPos.rc2">
      <Filter>Resource Files</Filter>
    </CustomBuild>
  </ItemGroup>
</Project>